
Microsoft Visual Studio Solution File, Format Version 12.00
# Visual Studio Version 17
VisualStudioVersion = 17.9.34728.123
MinimumVisualStudioVersion = 10.0.40219.1
Project("{FAE04EC0-301F-11D3-BF4B-00C04F79EFBC}") = "Appsdev-System", "Appsdev-System\Appsdev-System.csproj", "{49C592CC-12FD-424F-BDC4-AAD2CC853145}"
EndProject
Global
	GlobalSection(SolutionConfigurationPlatforms) = preSolution
		Debug|Any CPU = Debug|Any CPU
		Release|Any CPU = Release|Any CPU
	EndGlobalSection
	GlobalSection(ProjectConfigurationPlatforms) = postSolution
		{49C592CC-12FD-424F-BDC4-AAD2CC853145}.Debug|Any CPU.ActiveCfg = Debug|Any CPU
		{49C592CC-12FD-424F-BDC4-AAD2CC853145}.Debug|Any CPU.Build.0 = Debug|Any CPU
		{49C592CC-12FD-424F-BDC4-AAD2CC853145}.Release|Any CPU.ActiveCfg = Release|Any CPU
		{49C592CC-12FD-424F-BDC4-AAD2CC853145}.Release|Any CPU.Build.0 = Release|Any CPU
	EndGlobalSection
	GlobalSection(SolutionProperties) = preSolution
		HideSolutionNode = FALSE
	EndGlobalSection
	GlobalSection(ExtensibilityGlobals) = postSolution
		SolutionGuid = {1D3D3CF6-9A84-451D-BDE7-3BF4A5F457D1}
	EndGlobalSection
EndGlobal
